
Microsoft Visual Studio Solution File, Format Version 12.00
# Visual Studio 15
VisualStudioVersion = 15.0.28010.2050
MinimumVisualStudioVersion = 10.0.40219.1
Project("{FAE04EC0-301F-11D3-BF4B-00C04F79EFBC}") = "GetMyDearly", "GetMyDearly\GetMyDearly.csproj", "{D58728AE-DC75-4186-B355-E0623D0C96E1}"
EndProject
Global
	GlobalSection(SolutionConfigurationPlatforms) = preSolution
		Debug|Any CPU = Debug|Any CPU
		Release|Any CPU = Release|Any CPU
	EndGlobalSection
	GlobalSection(ProjectConfigurationPlatforms) = postSolution
		{D58728AE-DC75-4186-B355-E0623D0C96E1}.Debug|Any CPU.ActiveCfg = Debug|Any CPU
		{D58728AE-DC75-4186-B355-E0623D0C96E1}.Debug|Any CPU.Build.0 = Debug|Any CPU
		{D58728AE-DC75-4186-B355-E0623D0C96E1}.Release|Any CPU.ActiveCfg = Release|Any CPU
		{D58728AE-DC75-4186-B355-E0623D0C96E1}.Release|Any CPU.Build.0 = Release|Any CPU
	EndGlobalSection
	GlobalSection(SolutionProperties) = preSolution
		HideSolutionNode = FALSE
	EndGlobalSection
	GlobalSection(ExtensibilityGlobals) = postSolution
		SolutionGuid = {57AB7289-C3FF-42EA-A662-00FFD8936529}
	EndGlobalSection
EndGlobal
